// !$*UTF8*$!
{
	archiveVersion = 1;
	classes = {
	};
	objectVersion = 90;
	objects = {

/* Begin PBXBuildFile section */
		6D45D2CE2E9D07FD006089E6 /* Assets.xcassets in Resources */ = {isa = PBXBuildFile; fileRef = 6D45D2C52E9D07FD006089E6 /* Assets.xcassets */; };
		6D45D2CF2E9D07FD006089E6 /* READ.md in Resources */ = {isa = PBXBuildFile; fileRef = 6D45D2CB2E9D07FD006089E6 /* READ.md */; };
		6D45D2D02E9D07FD006089E6 /* AddExpenseView.swift in Sources */ = {isa = PBXBuildFile; fileRef = 6D45D2C42E9D07FD006089E6 /* AddExpenseView.swift */; };
		6D45D2D32E9D07FD006089E6 /* ExpensioApp.swift in Sources */ = {isa = PBXBuildFile; fileRef = 6D45D2C82E9D07FD006089E6 /* ExpensioApp.swift */; };
		6D45D2D42E9D07FD006089E6 /* HomeView.swift in Sources */ = {isa = PBXBuildFile; fileRef = 6D45D2C92E9D07FD006089E6 /* HomeView.swift */; };
		6D45D2D52E9D07FD006089E6 /* OnboardingView.swift in Sources */ = {isa = PBXBuildFile; fileRef = 6D45D2CA2E9D07FD006089E6 /* OnboardingView.swift */; };
		6D45D2D62E9D07FD006089E6 /* RootView.swift in Sources */ = {isa = PBXBuildFile; fileRef = 6D45D2CC2E9D07FD006089E6 /* RootView.swift */; };
		6D45D2DA2E9D0D34006089E6 /* HomeViewModel.swift in Sources */ = {isa = PBXBuildFile; fileRef = 6D45D2D92E9D0D34006089E6 /* HomeViewModel.swift */; };
		6D45D2E12E9D22EA006089E6 /* Expensio.xcdatamodeld in Sources */ = {isa = PBXBuildFile; fileRef = 6D45D2DF2E9D22EA006089E6 /* Expensio.xcdatamodeld */; };
		6D45D2E42E9D2584006089E6 /* Category.swift in Sources */ = {isa = PBXBuildFile; fileRef = 6D45D2E32E9D2584006089E6 /* Category.swift */; };
		6D45D2E62E9D42E5006089E6 /* ExStore.swift in Sources */ = {isa = PBXBuildFile; fileRef = 6D45D2E52E9D42E5006089E6 /* ExStore.swift */; };
		6D45D2E92E9D434B006089E6 /* CoreDateStorage.swift in Sources */ = {isa = PBXBuildFile; fileRef = 6D45D2E82E9D434B006089E6 /* CoreDateStorage.swift */; };
		6D45D2EB2E9D4423006089E6 /* Logger.swift in Sources */ = {isa = PBXBuildFile; fileRef = 6D45D2EA2E9D4423006089E6 /* Logger.swift */; };
		6D45D2F72E9D4821006089E6 /* EXPersistenceStore.swift in Sources */ = {isa = PBXBuildFile; fileRef = 6D45D2F62E9D4821006089E6 /* EXPersistenceStore.swift */; };
		6D6951F12E9E71090013FFDB /* Date+Extension.swift in Sources */ = {isa = PBXBuildFile; fileRef = 6D6951F02E9E71090013FFDB /* Date+Extension.swift */; };
		6D6E10802E9FDAE700ACCCCB /* StatView.swift in Sources */ = {isa = PBXBuildFile; fileRef = 6D6E107F2E9FDAE700ACCCCB /* StatView.swift */; };
		6D6E10822E9FDB4900ACCCCB /* StatViewModel.swift in Sources */ = {isa = PBXBuildFile; fileRef = 6D6E10812E9FDB4900ACCCCB /* StatViewModel.swift */; };
		6DB0E1DF2EA118A200DE989C /* ExpenseDetailView.swift in Sources */ = {isa = PBXBuildFile; fileRef = 6DB0E1DE2EA118A200DE989C /* ExpenseDetailView.swift */; };
		6DC980172EA06DD3003DA148 /* SettingsView.swift in Sources */ = {isa = PBXBuildFile; fileRef = 6DC980162EA06DD3003DA148 /* SettingsView.swift */; };
		6DC980192EA06DE6003DA148 /* SettingsViewModel.swift in Sources */ = {isa = PBXBuildFile; fileRef = 6DC980182EA06DE6003DA148 /* SettingsViewModel.swift */; };
/* End PBXBuildFile section */

/* Begin PBXFileReference section */
		6D45D2C42E9D07FD006089E6 /* AddExpenseView.swift */ = {isa = PBXFileReference; lastKnownFileType = sourcecode.swift; path = AddExpenseView.swift; sourceTree = "<group>"; };
		6D45D2C52E9D07FD006089E6 /* Assets.xcassets */ = {isa = PBXFileReference; lastKnownFileType = folder.assetcatalog; path = Assets.xcassets; sourceTree = "<group>"; };
		6D45D2C82E9D07FD006089E6 /* ExpensioApp.swift */ = {isa = PBXFileReference; lastKnownFileType = sourcecode.swift; path = ExpensioApp.swift; sourceTree = "<group>"; };
		6D45D2C92E9D07FD006089E6 /* HomeView.swift */ = {isa = PBXFileReference; lastKnownFileType = sourcecode.swift; path = HomeView.swift; sourceTree = "<group>"; };
		6D45D2CA2E9D07FD006089E6 /* OnboardingView.swift */ = {isa = PBXFileReference; lastKnownFileType = sourcecode.swift; path = OnboardingView.swift; sourceTree = "<group>"; };
		6D45D2CB2E9D07FD006089E6 /* READ.md */ = {isa = PBXFileReference; lastKnownFileType = net.daringfireball.markdown; path = READ.md; sourceTree = "<group>"; };
		6D45D2CC2E9D07FD006089E6 /* RootView.swift */ = {isa = PBXFileReference; lastKnownFileType = sourcecode.swift; path = RootView.swift; sourceTree = "<group>"; };
		6D45D2D92E9D0D34006089E6 /* HomeViewModel.swift */ = {isa = PBXFileReference; lastKnownFileType = sourcecode.swift; path = HomeViewModel.swift; sourceTree = "<group>"; };
		6D45D2E02E9D22EA006089E6 /* Expensio.xcdatamodel */ = {isa = PBXFileReference; lastKnownFileType = wrapper.xcdatamodel; path = Expensio.xcdatamodel; sourceTree = "<group>"; };
		6D45D2E32E9D2584006089E6 /* Category.swift */ = {isa = PBXFileReference; lastKnownFileType = sourcecode.swift; path = Category.swift; sourceTree = "<group>"; };
		6D45D2E52E9D42E5006089E6 /* ExStore.swift */ = {isa = PBXFileReference; lastKnownFileType = sourcecode.swift; path = ExStore.swift; sourceTree = "<group>"; };
		6D45D2E82E9D434B006089E6 /* CoreDateStorage.swift */ = {isa = PBXFileReference; lastKnownFileType = sourcecode.swift; path = CoreDateStorage.swift; sourceTree = "<group>"; };
		6D45D2EA2E9D4423006089E6 /* Logger.swift */ = {isa = PBXFileReference; lastKnownFileType = sourcecode.swift; path = Logger.swift; sourceTree = "<group>"; };
		6D45D2F62E9D4821006089E6 /* EXPersistenceStore.swift */ = {isa = PBXFileReference; lastKnownFileType = sourcecode.swift; path = EXPersistenceStore.swift; sourceTree = "<group>"; };
		6D6951F02E9E71090013FFDB /* Date+Extension.swift */ = {isa = PBXFileReference; lastKnownFileType = sourcecode.swift; path = "Date+Extension.swift"; sourceTree = "<group>"; };
		6D6E107F2E9FDAE700ACCCCB /* StatView.swift */ = {isa = PBXFileReference; lastKnownFileType = sourcecode.swift; path = StatView.swift; sourceTree = "<group>"; };
		6D6E10812E9FDB4900ACCCCB /* StatViewModel.swift */ = {isa = PBXFileReference; lastKnownFileType = sourcecode.swift; path = StatViewModel.swift; sourceTree = "<group>"; };
		6D742E8B2E92C276000A84EC /* Expensio.app */ = {isa = PBXFileReference; explicitFileType = wrapper.application; includeInIndex = 0; path = Expensio.app; sourceTree = BUILT_PRODUCTS_DIR; };
		6DB0E1DE2EA118A200DE989C /* ExpenseDetailView.swift */ = {isa = PBXFileReference; lastKnownFileType = sourcecode.swift; path = ExpenseDetailView.swift; sourceTree = "<group>"; };
		6DC980162EA06DD3003DA148 /* SettingsView.swift */ = {isa = PBXFileReference; lastKnownFileType = sourcecode.swift; path = SettingsView.swift; sourceTree = "<group>"; };
		6DC980182EA06DE6003DA148 /* SettingsViewModel.swift */ = {isa = PBXFileReference; lastKnownFileType = sourcecode.swift; path = SettingsViewModel.swift; sourceTree = "<group>"; };
/* End PBXFileReference section */

/* Begin PBXFrameworksBuildPhase section */
		6D742E882E92C276000A84EC /* Frameworks */ = {
			isa = PBXFrameworksBuildPhase;
			files = (
			);
		};
/* End PBXFrameworksBuildPhase section */

/* Begin PBXGroup section */
		6D45D2CD2E9D07FD006089E6 /* Expensio */ = {
			isa = PBXGroup;
			children = (
				6D45D2D82E9D081C006089E6 /* AddExpense */,
				6D45D2C52E9D07FD006089E6 /* Assets.xcassets */,
				6D45D2C82E9D07FD006089E6 /* ExpensioApp.swift */,
				6D777D962EA00B15005F79A4 /* Statistics */,
				6D45D2D72E9D0805006089E6 /* Home */,
				6D45D2CA2E9D07FD006089E6 /* OnboardingView.swift */,
				6D45D2CB2E9D07FD006089E6 /* READ.md */,
				6D45D2CC2E9D07FD006089E6 /* RootView.swift */,
				6D45D2E22E9D2578006089E6 /* Model */,
				6D45D2E72E9D4332006089E6 /* Storage */,
				6D45D2F52E9D4501006089E6 /* Logger */,
				6D6951F02E9E71090013FFDB /* Date+Extension.swift */,
				6DB0E1DD2EA117FB00DE989C /* Settings */,
				6DB0E1DE2EA118A200DE989C /* ExpenseDetailView.swift */,
			);
			path = Expensio;
			sourceTree = "<group>";
		};
		6D45D2D72E9D0805006089E6 /* Home */ = {
			isa = PBXGroup;
			children = (
				6D45D2C92E9D07FD006089E6 /* HomeView.swift */,
				6D45D2D92E9D0D34006089E6 /* HomeViewModel.swift */,
			);
			path = Home;
			sourceTree = "<group>";
		};
		6D45D2D82E9D081C006089E6 /* AddExpense */ = {
			isa = PBXGroup;
			children = (
				6D45D2C42E9D07FD006089E6 /* AddExpenseView.swift */,
			);
			path = AddExpense;
			sourceTree = "<group>";
		};
		6D45D2E22E9D2578006089E6 /* Model */ = {
			isa = PBXGroup;
			children = (
				6D45D2E32E9D2584006089E6 /* Category.swift */,
			);
			path = Model;
			sourceTree = "<group>";
		};
		6D45D2E72E9D4332006089E6 /* Storage */ = {
			isa = PBXGroup;
			children = (
				6D45D2DF2E9D22EA006089E6 /* Expensio.xcdatamodeld */,
				6D45D2E52E9D42E5006089E6 /* ExStore.swift */,
				6D45D2E82E9D434B006089E6 /* CoreDateStorage.swift */,
				6D45D2F62E9D4821006089E6 /* EXPersistenceStore.swift */,
			);
			path = Storage;
			sourceTree = "<group>";
		};
		6D45D2F52E9D4501006089E6 /* Logger */ = {
			isa = PBXGroup;
			children = (
				6D45D2EA2E9D4423006089E6 /* Logger.swift */,
			);
			path = Logger;
			sourceTree = "<group>";
		};
		6D742E822E92C276000A84EC = {
			isa = PBXGroup;
			children = (
				6D45D2CD2E9D07FD006089E6 /* Expensio */,
				6D742E8C2E92C276000A84EC /* Products */,
			);
			sourceTree = "<group>";
		};
		6D742E8C2E92C276000A84EC /* Products */ = {
			isa = PBXGroup;
			children = (
				6D742E8B2E92C276000A84EC /* Expensio.app */,
			);
			name = Products;
			sourceTree = "<group>";
		};
		6D777D962EA00B15005F79A4 /* Statistics */ = {
			isa = PBXGroup;
			children = (
				6D6E107F2E9FDAE700ACCCCB /* StatView.swift */,
				6D6E10812E9FDB4900ACCCCB /* StatViewModel.swift */,
			);
			path = Statistics;
			sourceTree = "<group>";
		};
		6DB0E1DD2EA117FB00DE989C /* Settings */ = {
			isa = PBXGroup;
			children = (
				6DC980162EA06DD3003DA148 /* SettingsView.swift */,
				6DC980182EA06DE6003DA148 /* SettingsViewModel.swift */,
			);
			path = Settings;
			sourceTree = "<group>";
		};
/* End PBXGroup section */

/* Begin PBXNativeTarget section */
		6D742E8A2E92C276000A84EC /* Expensio */ = {
			isa = PBXNativeTarget;
			buildConfigurationList = 6D742E962E92C277000A84EC /* Build configuration list for PBXNativeTarget "Expensio" */;
			buildPhases = (
				6D742E872E92C276000A84EC /* Sources */,
				6D742E882E92C276000A84EC /* Frameworks */,
				6D742E892E92C276000A84EC /* Resources */,
			);
			buildRules = (
			);
			name = Expensio;
			productName = Expensio;
			productReference = 6D742E8B2E92C276000A84EC /* Expensio.app */;
			productType = "com.apple.product-type.application";
		};
/* End PBXNativeTarget section */

/* Begin PBXProject section */
		6D742E832E92C276000A84EC /* Project object */ = {
			isa = PBXProject;
			attributes = {
				BuildIndependentTargetsInParallel = 1;
				LastSwiftUpdateCheck = 1640;
				LastUpgradeCheck = 2600;
				TargetAttributes = {
					6D742E8A2E92C276000A84EC = {
						CreatedOnToolsVersion = 16.4;
					};
				};
			};
			buildConfigurationList = 6D742E862E92C276000A84EC /* Build configuration list for PBXProject "Expensio" */;
			developmentRegion = en;
			hasScannedForEncodings = 0;
			knownRegions = (
				en,
				Base,
			);
			mainGroup = 6D742E822E92C276000A84EC;
			minimizedProjectReferenceProxies = 1;
			preferredProjectObjectVersion = 90;
			productRefGroup = 6D742E8C2E92C276000A84EC /* Products */;
			projectDirPath = "";
			projectRoot = "";
			targets = (
				6D742E8A2E92C276000A84EC /* Expensio */,
			);
		};
/* End PBXProject section */

/* Begin PBXResourcesBuildPhase section */
		6D742E892E92C276000A84EC /* Resources */ = {
			isa = PBXResourcesBuildPhase;
			files = (
				6D45D2CE2E9D07FD006089E6 /* Assets.xcassets in Resources */,
				6D45D2CF2E9D07FD006089E6 /* READ.md in Resources */,
			);
		};
/* End PBXResourcesBuildPhase section */

/* Begin PBXSourcesBuildPhase section */
		6D742E872E92C276000A84EC /* Sources */ = {
			isa = PBXSourcesBuildPhase;
			files = (
				6D45D2D02E9D07FD006089E6 /* AddExpenseView.swift in Sources */,
				6DB0E1DF2EA118A200DE989C /* ExpenseDetailView.swift in Sources */,
				6D45D2DA2E9D0D34006089E6 /* HomeViewModel.swift in Sources */,
				6D6E10822E9FDB4900ACCCCB /* StatViewModel.swift in Sources */,
				6D45D2F72E9D4821006089E6 /* EXPersistenceStore.swift in Sources */,
				6D45D2E12E9D22EA006089E6 /* Expensio.xcdatamodeld in Sources */,
				6D45D2D32E9D07FD006089E6 /* ExpensioApp.swift in Sources */,
				6D45D2D42E9D07FD006089E6 /* HomeView.swift in Sources */,
				6D45D2D52E9D07FD006089E6 /* OnboardingView.swift in Sources */,
				6D45D2EB2E9D4423006089E6 /* Logger.swift in Sources */,
				6DC980172EA06DD3003DA148 /* SettingsView.swift in Sources */,
				6D45D2D62E9D07FD006089E6 /* RootView.swift in Sources */,
				6DC980192EA06DE6003DA148 /* SettingsViewModel.swift in Sources */,
				6D45D2E92E9D434B006089E6 /* CoreDateStorage.swift in Sources */,
				6D6951F12E9E71090013FFDB /* Date+Extension.swift in Sources */,
				6D45D2E62E9D42E5006089E6 /* ExStore.swift in Sources */,
				6D45D2E42E9D2584006089E6 /* Category.swift in Sources */,
				6D6E10802E9FDAE700ACCCCB /* StatView.swift in Sources */,
			);
		};
/* End PBXSourcesBuildPhase section */

/* Begin XCBuildConfiguration section */
		6D742E942E92C277000A84EC /* Debug configuration for PBXProject "Expensio" */ = {
			isa = XCBuildConfiguration;
			buildSettings = {
				ALWAYS_SEARCH_USER_PATHS = NO;
				ASSETCATALOG_COMPILER_GENERATE_SWIFT_ASSET_SYMBOL_EXTENSIONS = YES;
				CLANG_ANALYZER_NONNULL = YES;
				CLANG_ANALYZER_NUMBER_OBJECT_CONVERSION = YES_AGGRESSIVE;
				CLANG_CXX_LANGUAGE_STANDARD = "gnu++20";
				CLANG_ENABLE_MODULES = YES;
				CLANG_ENABLE_OBJC_ARC = YES;
				CLANG_ENABLE_OBJC_WEAK = YES;
				CLANG_WARN_BLOCK_CAPTURE_AUTORELEASING = YES;
				CLANG_WARN_BOOL_CONVERSION = YES;
				CLANG_WARN_COMMA = YES;
				CLANG_WARN_CONSTANT_CONVERSION = YES;
				CLANG_WARN_DEPRECATED_OBJC_IMPLEMENTATIONS = YES;
				CLANG_WARN_DIRECT_OBJC_ISA_USAGE = YES_ERROR;
				CLANG_WARN_DOCUMENTATION_COMMENTS = YES;
				CLANG_WARN_EMPTY_BODY = YES;
				CLANG_WARN_ENUM_CONVERSION = YES;
				CLANG_WARN_INFINITE_RECURSION = YES;
				CLANG_WARN_INT_CONVERSION = YES;
				CLANG_WARN_NON_LITERAL_NULL_CONVERSION = YES;
				CLANG_WARN_OBJC_IMPLICIT_RETAIN_SELF = YES;
				CLANG_WARN_OBJC_LITERAL_CONVERSION = YES;
				CLANG_WARN_OBJC_ROOT_CLASS = YES_ERROR;
				CLANG_WARN_QUOTED_INCLUDE_IN_FRAMEWORK_HEADER = YES;
				CLANG_WARN_RANGE_LOOP_ANALYSIS = YES;
				CLANG_WARN_STRICT_PROTOTYPES = YES;
				CLANG_WARN_SUSPICIOUS_MOVE = YES;
				CLANG_WARN_UNGUARDED_AVAILABILITY = YES_AGGRESSIVE;
				CLANG_WARN_UNREACHABLE_CODE = YES;
				CLANG_WARN__DUPLICATE_METHOD_MATCH = YES;
				COPY_PHASE_STRIP = NO;
				DEBUG_INFORMATION_FORMAT = dwarf;
				DEVELOPMENT_TEAM = 2SA3MG4CCA;
				ENABLE_STRICT_OBJC_MSGSEND = YES;
				ENABLE_TESTABILITY = YES;
				ENABLE_USER_SCRIPT_SANDBOXING = YES;
				GCC_C_LANGUAGE_STANDARD = gnu17;
				GCC_DYNAMIC_NO_PIC = NO;
				GCC_NO_COMMON_BLOCKS = YES;
				GCC_OPTIMIZATION_LEVEL = 0;
				GCC_PREPROCESSOR_DEFINITIONS = (
					"DEBUG=1",
					"$(inherited)",
				);
				GCC_WARN_64_TO_32_BIT_CONVERSION = YES;
				GCC_WARN_ABOUT_RETURN_TYPE = YES_ERROR;
				GCC_WARN_UNDECLARED_SELECTOR = YES;
				GCC_WARN_UNINITIALIZED_AUTOS = YES_AGGRESSIVE;
				GCC_WARN_UNUSED_FUNCTION = YES;
				GCC_WARN_UNUSED_VARIABLE = YES;
				IPHONEOS_DEPLOYMENT_TARGET = 18.5;
				LOCALIZATION_PREFERS_STRING_CATALOGS = YES;
				MTL_ENABLE_DEBUG_INFO = INCLUDE_SOURCE;
				MTL_FAST_MATH = YES;
				ONLY_ACTIVE_ARCH = YES;
				SDKROOT = iphoneos;
				STRING_CATALOG_GENERATE_SYMBOLS = YES;
				SWIFT_ACTIVE_COMPILATION_CONDITIONS = "DEBUG $(inherited)";
				SWIFT_OPTIMIZATION_LEVEL = "-Onone";
			};
			name = Debug;
		};
		6D742E952E92C277000A84EC /* Release configuration for PBXProject "Expensio" */ = {
			isa = XCBuildConfiguration;
			buildSettings = {
				ALWAYS_SEARCH_USER_PATHS = NO;
				ASSETCATALOG_COMPILER_GENERATE_SWIFT_ASSET_SYMBOL_EXTENSIONS = YES;
				CLANG_ANALYZER_NONNULL = YES;
				CLANG_ANALYZER_NUMBER_OBJECT_CONVERSION = YES_AGGRESSIVE;
				CLANG_CXX_LANGUAGE_STANDARD = "gnu++20";
				CLANG_ENABLE_MODULES = YES;
				CLANG_ENABLE_OBJC_ARC = YES;
				CLANG_ENABLE_OBJC_WEAK = YES;
				CLANG_WARN_BLOCK_CAPTURE_AUTORELEASING = YES;
				CLANG_WARN_BOOL_CONVERSION = YES;
				CLANG_WARN_COMMA = YES;
				CLANG_WARN_CONSTANT_CONVERSION = YES;
				CLANG_WARN_DEPRECATED_OBJC_IMPLEMENTATIONS = YES;
				CLANG_WARN_DIRECT_OBJC_ISA_USAGE = YES_ERROR;
				CLANG_WARN_DOCUMENTATION_COMMENTS = YES;
				CLANG_WARN_EMPTY_BODY = YES;
				CLANG_WARN_ENUM_CONVERSION = YES;
				CLANG_WARN_INFINITE_RECURSION = YES;
				CLANG_WARN_INT_CONVERSION = YES;
				CLANG_WARN_NON_LITERAL_NULL_CONVERSION = YES;
				CLANG_WARN_OBJC_IMPLICIT_RETAIN_SELF = YES;
				CLANG_WARN_OBJC_LITERAL_CONVERSION = YES;
				CLANG_WARN_OBJC_ROOT_CLASS = YES_ERROR;
				CLANG_WARN_QUOTED_INCLUDE_IN_FRAMEWORK_HEADER = YES;
				CLANG_WARN_RANGE_LOOP_ANALYSIS = YES;
				CLANG_WARN_STRICT_PROTOTYPES = YES;
				CLANG_WARN_SUSPICIOUS_MOVE = YES;
				CLANG_WARN_UNGUARDED_AVAILABILITY = YES_AGGRESSIVE;
				CLANG_WARN_UNREACHABLE_CODE = YES;
				CLANG_WARN__DUPLICATE_METHOD_MATCH = YES;
				COPY_PHASE_STRIP = NO;
				DEBUG_INFORMATION_FORMAT = "dwarf-with-dsym";
				DEVELOPMENT_TEAM = 2SA3MG4CCA;
				ENABLE_NS_ASSERTIONS = NO;
				ENABLE_STRICT_OBJC_MSGSEND = YES;
				ENABLE_USER_SCRIPT_SANDBOXING = YES;
				GCC_C_LANGUAGE_STANDARD = gnu17;
				GCC_NO_COMMON_BLOCKS = YES;
				GCC_WARN_64_TO_32_BIT_CONVERSION = YES;
				GCC_WARN_ABOUT_RETURN_TYPE = YES_ERROR;
				GCC_WARN_UNDECLARED_SELECTOR = YES;
				GCC_WARN_UNINITIALIZED_AUTOS = YES_AGGRESSIVE;
				GCC_WARN_UNUSED_FUNCTION = YES;
				GCC_WARN_UNUSED_VARIABLE = YES;
				IPHONEOS_DEPLOYMENT_TARGET = 18.5;
				LOCALIZATION_PREFERS_STRING_CATALOGS = YES;
				MTL_ENABLE_DEBUG_INFO = NO;
				MTL_FAST_MATH = YES;
				SDKROOT = iphoneos;
				STRING_CATALOG_GENERATE_SYMBOLS = YES;
				SWIFT_COMPILATION_MODE = wholemodule;
				VALIDATE_PRODUCT = YES;
			};
			name = Release;
		};
		6D742E972E92C277000A84EC /* Debug configuration for PBXNativeTarget "Expensio" */ = {
			isa = XCBuildConfiguration;
			buildSettings = {
				ASSETCATALOG_COMPILER_APPICON_NAME = AppIcon;
				ASSETCATALOG_COMPILER_GLOBAL_ACCENT_COLOR_NAME = AccentColor;
				CODE_SIGN_STYLE = Automatic;
				CURRENT_PROJECT_VERSION = 1;
				DEVELOPMENT_TEAM = 2SA3MG4CCA;
				ENABLE_PREVIEWS = YES;
				GENERATE_INFOPLIST_FILE = YES;
				INFOPLIST_KEY_UIApplicationSceneManifest_Generation = YES;
				INFOPLIST_KEY_UIApplicationSupportsIndirectInputEvents = YES;
				INFOPLIST_KEY_UILaunchScreen_Generation = YES;
				INFOPLIST_KEY_UISupportedInterfaceOrientations_iPad = "UIInterfaceOrientationPortrait UIInterfaceOrientationPortraitUpsideDown UIInterfaceOrientationLandscapeLeft UIInterfaceOrientationLandscapeRight";
				INFOPLIST_KEY_UISupportedInterfaceOrientations_iPhone = "UIInterfaceOrientationPortrait UIInterfaceOrientationLandscapeLeft UIInterfaceOrientationLandscapeRight";
				IPHONEOS_DEPLOYMENT_TARGET = 18.2;
				LD_RUNPATH_SEARCH_PATHS = (
					"$(inherited)",
					"@executable_path/Frameworks",
				);
				MARKETING_VERSION = 1.0;
				PRODUCT_BUNDLE_IDENTIFIER = com.attallah.Expensio;
				PRODUCT_NAME = "$(TARGET_NAME)";
				SWIFT_EMIT_LOC_STRINGS = YES;
				SWIFT_VERSION = 5.0;
				TARGETED_DEVICE_FAMILY = "1,2";
			};
			name = Debug;
		};
		6D742E982E92C277000A84EC /* Release configuration for PBXNativeTarget "Expensio" */ = {
			isa = XCBuildConfiguration;
			buildSettings = {
				ASSETCATALOG_COMPILER_APPICON_NAME = AppIcon;
				ASSETCATALOG_COMPILER_GLOBAL_ACCENT_COLOR_NAME = AccentColor;
				CODE_SIGN_STYLE = Automatic;
				CURRENT_PROJECT_VERSION = 1;
				DEVELOPMENT_TEAM = 2SA3MG4CCA;
				ENABLE_PREVIEWS = YES;
				GENERATE_INFOPLIST_FILE = YES;
				INFOPLIST_KEY_UIApplicationSceneManifest_Generation = YES;
				INFOPLIST_KEY_UIApplicationSupportsIndirectInputEvents = YES;
				INFOPLIST_KEY_UILaunchScreen_Generation = YES;
				INFOPLIST_KEY_UISupportedInterfaceOrientations_iPad = "UIInterfaceOrientationPortrait UIInterfaceOrientationPortraitUpsideDown UIInterfaceOrientationLandscapeLeft UIInterfaceOrientationLandscapeRight";
				INFOPLIST_KEY_UISupportedInterfaceOrientations_iPhone = "UIInterfaceOrientationPortrait UIInterfaceOrientationLandscapeLeft UIInterfaceOrientationLandscapeRight";
				IPHONEOS_DEPLOYMENT_TARGET = 18.2;
				LD_RUNPATH_SEARCH_PATHS = (
					"$(inherited)",
					"@executable_path/Frameworks",
				);
				MARKETING_VERSION = 1.0;
				PRODUCT_BUNDLE_IDENTIFIER = com.attallah.Expensio;
				PRODUCT_NAME = "$(TARGET_NAME)";
				SWIFT_EMIT_LOC_STRINGS = YES;
				SWIFT_VERSION = 5.0;
				TARGETED_DEVICE_FAMILY = "1,2";
			};
			name = Release;
		};
/* End XCBuildConfiguration section */

/* Begin XCConfigurationList section */
		6D742E862E92C276000A84EC /* Build configuration list for PBXProject "Expensio" */ = {
			isa = XCConfigurationList;
			buildConfigurations = (
				6D742E942E92C277000A84EC /* Debug configuration for PBXProject "Expensio" */,
				6D742E952E92C277000A84EC /* Release configuration for PBXProject "Expensio" */,
			);
			defaultConfigurationName = Release;
		};
		6D742E962E92C277000A84EC /* Build configuration list for PBXNativeTarget "Expensio" */ = {
			isa = XCConfigurationList;
			buildConfigurations = (
				6D742E972E92C277000A84EC /* Debug configuration for PBXNativeTarget "Expensio" */,
				6D742E982E92C277000A84EC /* Release configuration for PBXNativeTarget "Expensio" */,
			);
			defaultConfigurationName = Release;
		};
/* End XCConfigurationList section */

/* Begin XCVersionGroup section */
		6D45D2DF2E9D22EA006089E6 /* Expensio.xcdatamodeld */ = {
			isa = XCVersionGroup;
			children = (
				6D45D2E02E9D22EA006089E6 /* Expensio.xcdatamodel */,
			);
			currentVersion = 6D45D2E02E9D22EA006089E6 /* Expensio.xcdatamodel */;
			path = Expensio.xcdatamodeld;
			sourceTree = "<group>";
			versionGroupType = wrapper.xcdatamodel;
		};
/* End XCVersionGroup section */
	};
	rootObject = 6D742E832E92C276000A84EC /* Project object */;
}
